
Microsoft Visual Studio Solution File, Format Version 12.00
# Visual Studio Version 16
VisualStudioVersion = 16.0.31702.278
MinimumVisualStudioVersion = 10.0.40219.1
Project("{FAE04EC0-301F-11D3-BF4B-00C04F79EFBC}") = "MinAdressbok", "MinAdressbok\MinAdressbok.csproj", "{43ED76A0-6E83-4CE6-9EB9-64434A1DA91E}"
EndProject
Global
	GlobalSection(SolutionConfigurationPlatforms) = preSolution
		Debug|Any CPU = Debug|Any CPU
		Release|Any CPU = Release|Any CPU
	EndGlobalSection
	GlobalSection(ProjectConfigurationPlatforms) = postSolution
		{43ED76A0-6E83-4CE6-9EB9-64434A1DA91E}.Debug|Any CPU.ActiveCfg = Debug|Any CPU
		{43ED76A0-6E83-4CE6-9EB9-64434A1DA91E}.Debug|Any CPU.Build.0 = Debug|Any CPU
		{43ED76A0-6E83-4CE6-9EB9-64434A1DA91E}.Release|Any CPU.ActiveCfg = Release|Any CPU
		{43ED76A0-6E83-4CE6-9EB9-64434A1DA91E}.Release|Any CPU.Build.0 = Release|Any CPU
	EndGlobalSection
	GlobalSection(SolutionProperties) = preSolution
		HideSolutionNode = FALSE
	EndGlobalSection
	GlobalSection(ExtensibilityGlobals) = postSolution
		SolutionGuid = {87AD5C58-5D50-4ADE-A3F1-48D948FA7A79}
	EndGlobalSection
EndGlobal
